
Microsoft Visual Studio Solution File, Format Version 12.00
# Visual Studio Version 17
VisualStudioVersion = 17.14.36310.24 d17.14
MinimumVisualStudioVersion = 10.0.40219.1
Project("{FAE04EC0-301F-11D3-BF4B-00C04F79EFBC}") = "test_3", "test_3\test_3.csproj", "{E79B3CAB-F1D4-4CBB-97BF-76325DF3115E}"
EndProject
Global
	GlobalSection(SolutionConfigurationPlatforms) = preSolution
		Debug|Any CPU = Debug|Any CPU
		Release|Any CPU = Release|Any CPU
	EndGlobalSection
	GlobalSection(ProjectConfigurationPlatforms) = postSolution
		{E79B3CAB-F1D4-4CBB-97BF-76325DF3115E}.Debug|Any CPU.ActiveCfg = Debug|Any CPU
		{E79B3CAB-F1D4-4CBB-97BF-76325DF3115E}.Debug|Any CPU.Build.0 = Debug|Any CPU
		{E79B3CAB-F1D4-4CBB-97BF-76325DF3115E}.Release|Any CPU.ActiveCfg = Release|Any CPU
		{E79B3CAB-F1D4-4CBB-97BF-76325DF3115E}.Release|Any CPU.Build.0 = Release|Any CPU
	EndGlobalSection
	GlobalSection(SolutionProperties) = preSolution
		HideSolutionNode = FALSE
	EndGlobalSection
	GlobalSection(ExtensibilityGlobals) = postSolution
		SolutionGuid = {DEC14385-F334-4401-8D10-4635C4F8CEC9}
	EndGlobalSection
EndGlobal
